
Microsoft Visual Studio Solution File, Format Version 12.00
# Visual Studio 15
VisualStudioVersion = 15.0.28307.106
MinimumVisualStudioVersion = 10.0.40219.1
Project("{9A19103F-16F7-4668-BE54-9A1E7A4F7556}") = "TesouroBot.API", "TesouroBot.API\TesouroBot.API.csproj", "{8D24E133-513A-489A-B1BC-459FB2F0126F}"
EndProject
Project("{FAE04EC0-301F-11D3-BF4B-00C04F79EFBC}") = "TesouroBot.API.Tests", "TesouroBot.API.Tests\TesouroBot.API.Tests.csproj", "{F3E733C0-38BA-4038-887E-7F2486CD5500}"
EndProject
Global
	GlobalSection(SolutionConfigurationPlatforms) = preSolution
		Debug|Any CPU = Debug|Any CPU
		Release|Any CPU = Release|Any CPU
	EndGlobalSection
	GlobalSection(ProjectConfigurationPlatforms) = postSolution
		{8D24E133-513A-489A-B1BC-459FB2F0126F}.Debug|Any CPU.ActiveCfg = Debug|Any CPU
		{8D24E133-513A-489A-B1BC-459FB2F0126F}.Debug|Any CPU.Build.0 = Debug|Any CPU
		{8D24E133-513A-489A-B1BC-459FB2F0126F}.Release|Any CPU.ActiveCfg = Release|Any CPU
		{8D24E133-513A-489A-B1BC-459FB2F0126F}.Release|Any CPU.Build.0 = Release|Any CPU
		{F3E733C0-38BA-4038-887E-7F2486CD5500}.Debug|Any CPU.ActiveCfg = Debug|Any CPU
		{F3E733C0-38BA-4038-887E-7F2486CD5500}.Debug|Any CPU.Build.0 = Debug|Any CPU
		{F3E733C0-38BA-4038-887E-7F2486CD5500}.Release|Any CPU.ActiveCfg = Release|Any CPU
		{F3E733C0-38BA-4038-887E-7F2486CD5500}.Release|Any CPU.Build.0 = Release|Any CPU
	EndGlobalSection
	GlobalSection(SolutionProperties) = preSolution
		HideSolutionNode = FALSE
	EndGlobalSection
	GlobalSection(ExtensibilityGlobals) = postSolution
		SolutionGuid = {487B44BE-A2D4-41C4-8F7A-1ACEEF3AEA0D}
	EndGlobalSection
EndGlobal
